
Microsoft Visual Studio Solution File, Format Version 12.00
# Visual Studio 15
VisualStudioVersion = 15.0.27130.2027
MinimumVisualStudioVersion = 10.0.40219.1
Project("{FAE04EC0-301F-11D3-BF4B-00C04F79EFBC}") = "ConsoleApp22", "ConsoleApp22\ConsoleApp22.csproj", "{3381EBAE-2BF0-45F6-B57B-5BB2994BF7E2}"
EndProject
Global
	GlobalSection(SolutionConfigurationPlatforms) = preSolution
		Debug|Any CPU = Debug|Any CPU
		Release|Any CPU = Release|Any CPU
	EndGlobalSection
	GlobalSection(ProjectConfigurationPlatforms) = postSolution
		{3381EBAE-2BF0-45F6-B57B-5BB2994BF7E2}.Debug|Any CPU.ActiveCfg = Debug|Any CPU
		{3381EBAE-2BF0-45F6-B57B-5BB2994BF7E2}.Debug|Any CPU.Build.0 = Debug|Any CPU
		{3381EBAE-2BF0-45F6-B57B-5BB2994BF7E2}.Release|Any CPU.ActiveCfg = Release|Any CPU
		{3381EBAE-2BF0-45F6-B57B-5BB2994BF7E2}.Release|Any CPU.Build.0 = Release|Any CPU
	EndGlobalSection
	GlobalSection(SolutionProperties) = preSolution
		HideSolutionNode = FALSE
	EndGlobalSection
	GlobalSection(ExtensibilityGlobals) = postSolution
		SolutionGuid = {8FA41DF7-EF26-40FB-92D7-DB48094F8C8C}
	EndGlobalSection
EndGlobal
